
Microsoft Visual Studio Solution File, Format Version 12.00
# Visual Studio 15
VisualStudioVersion = 15.0.28307.168
MinimumVisualStudioVersion = 10.0.40219.1
Project("{FAE04EC0-301F-11D3-BF4B-00C04F79EFBC}") = "BrainfxxkRunner", "BrainfxxkRunner\BrainfxxkRunner.csproj", "{0DDDC17C-E129-4079-9AE1-82528B23D5B0}"
EndProject
Global
	GlobalSection(SolutionConfigurationPlatforms) = preSolution
		Debug|Any CPU = Debug|Any CPU
		Release|Any CPU = Release|Any CPU
	EndGlobalSection
	GlobalSection(ProjectConfigurationPlatforms) = postSolution
		{0DDDC17C-E129-4079-9AE1-82528B23D5B0}.Debug|Any CPU.ActiveCfg = Debug|Any CPU
		{0DDDC17C-E129-4079-9AE1-82528B23D5B0}.Debug|Any CPU.Build.0 = Debug|Any CPU
		{0DDDC17C-E129-4079-9AE1-82528B23D5B0}.Release|Any CPU.ActiveCfg = Release|Any CPU
		{0DDDC17C-E129-4079-9AE1-82528B23D5B0}.Release|Any CPU.Build.0 = Release|Any CPU
	EndGlobalSection
	GlobalSection(SolutionProperties) = preSolution
		HideSolutionNode = FALSE
	EndGlobalSection
	GlobalSection(ExtensibilityGlobals) = postSolution
		SolutionGuid = {48A3DE1F-4ADB-401E-9916-773343F6CD4A}
	EndGlobalSection
EndGlobal
